{
  "name": "pakkasmarja-client",
  "version": "0.0.70",
  "lockfileVersion": 1,
  "requires": true,
  "dependencies": {
    "@types/node": {
      "version": "8.10.59",
      "resolved": "https://registry.npmjs.org/@types/node/-/node-8.10.59.tgz",
      "integrity": "sha1-njQmHzAYP5d3AXoT0YXfrGuJngQ=",
      "dev": true
    },
    "@types/urijs": {
      "version": "1.19.5",
      "resolved": "https://registry.npmjs.org/@types/urijs/-/urijs-1.19.5.tgz",
      "integrity": "sha1-8ggzkvWFm+Wcu6Cx1GO5Isiu+EI=",
      "dev": true
    },
    "typescript": {
      "version": "2.9.2",
      "resolved": "https://registry.npmjs.org/typescript/-/typescript-2.9.2.tgz",
      "integrity": "sha1-HL9h0F1rliaSROtqO85L2RTg8Aw=",
      "dev": true
    },
    "urijs": {
      "version": "1.19.4",
      "resolved": "https://registry.npmjs.org/urijs/-/urijs-1.19.4.tgz",
      "integrity": "sha512-2YF/wdFu02Gsly/wyx+S/f5w/oCF0ihVSgK/Sn8fcY/ZYMYtqxgi03Vi3V7HqyQP8mj8xHMuNFTBIPufmPRdoA=="
    }
  }
}
