{
  "name": "pakkasmarja-client",
  "version": "0.0.100",
  "lockfileVersion": 1,
  "requires": true,
  "dependencies": {
    "@types/jquery": {
      "version": "3.5.16",
      "resolved": "https://registry.npmjs.org/@types/jquery/-/jquery-3.5.16.tgz",
      "integrity": "sha512-bsI7y4ZgeMkmpG9OM710RRzDFp+w4P1RGiIt30C1mSBT+ExCleeh4HObwgArnDFELmRrOpXgSYN9VF1hj+f1lw==",
      "dev": true,
      "requires": {
        "@types/sizzle": "*"
      }
    },
    "@types/node": {
      "version": "8.0.9",
      "resolved": "https://registry.npmjs.org/@types/node/-/node-8.0.9.tgz",
      "integrity": "sha512-UkiiJp6Iz2h4xzapN8BPKjhq+/BlyXcISwPVk2Kd7VJ/I1TREFokjBtvM6hftANXdsfo1IoWMXhmg8G8X+SS8Q==",
      "dev": true
    },
    "@types/sizzle": {
      "version": "2.3.3",
      "resolved": "https://registry.npmjs.org/@types/sizzle/-/sizzle-2.3.3.tgz",
      "integrity": "sha512-JYM8x9EGF163bEyhdJBpR2QX1R5naCJHC8ucJylJ3w9/CVBaskdQ8WqBf8MmQrd1kRvp/a4TS8HJ+bxzR7ZJYQ==",
      "dev": true
    },
    "@types/urijs": {
      "version": "1.15.38",
      "resolved": "https://registry.npmjs.org/@types/urijs/-/urijs-1.15.38.tgz",
      "integrity": "sha512-5VWXqu6V2IxXsPuSXYwCZHbh25U7pE+UJTFtKnNQRJLZA7o0D7fOQRJdgwBTMLNY0uc5F9GsFSang1VwNcPguA==",
      "dev": true,
      "requires": {
        "@types/jquery": "*"
      }
    },
    "typescript": {
      "version": "2.0.10",
      "resolved": "https://registry.npmjs.org/typescript/-/typescript-2.0.10.tgz",
      "integrity": "sha512-A1McfqUmeBy/8UpP106D7ShCZ3/C6w1muFGDEQ+2EhvwHcWC4uduBntOM8lXlHWOnWOA1vHo48lKe9ZDrJZsJg==",
      "dev": true
    },
    "urijs": {
      "version": "1.19.11",
      "resolved": "https://registry.npmjs.org/urijs/-/urijs-1.19.11.tgz",
      "integrity": "sha1-IEsNa2Ba6AvqVL6jkoDNt8n5I8w="
    }
  }
}
